// !$*UTF8*$!
{
	archiveVersion = 1;
	classes = {
	};
	objectVersion = 77;
	objects = {

/* Begin PBXBuildFile section */
		C406B9D12F2BBE120040C750 /* FirebaseFunctions in Frameworks */ = {isa = PBXBuildFile; productRef = C406B9D02F2BBE120040C750 /* FirebaseFunctions */; };
		C47BB62A2F257FA500693AC2 /* FirebaseAuth in Frameworks */ = {isa = PBXBuildFile; productRef = C47BB6292F257FA500693AC2 /* FirebaseAuth */; };
		C47BB62C2F257FA500693AC2 /* FirebaseFirestore in Frameworks */ = {isa = PBXBuildFile; productRef = C47BB62B2F257FA500693AC2 /* FirebaseFirestore */; };
		C47BB6522F26876D00693AC2 /* ValueMinerShare.appex in Embed Foundation Extensions */ = {isa = PBXBuildFile; fileRef = C47BB6482F26876B00693AC2 /* ValueMinerShare.appex */; settings = {ATTRIBUTES = (RemoveHeadersOnCopy, ); }; };
		C47BB65C2F2688A500693AC2 /* FirebaseCore in Frameworks */ = {isa = PBXBuildFile; productRef = C47BB65B2F2688A500693AC2 /* FirebaseCore */; };
		C47BB65E2F2688AD00693AC2 /* FirebaseAuth in Frameworks */ = {isa = PBXBuildFile; productRef = C47BB65D2F2688AD00693AC2 /* FirebaseAuth */; };
		C47BB6602F2688BC00693AC2 /* FirebaseFirestore in Frameworks */ = {isa = PBXBuildFile; productRef = C47BB65F2F2688BC00693AC2 /* FirebaseFirestore */; };
/* End PBXBuildFile section */

/* Begin PBXContainerItemProxy section */
		C47BB5F72F23F1EA00693AC2 /* PBXContainerItemProxy */ = {
			isa = PBXContainerItemProxy;
			containerPortal = C47BB5DF2F23F1E700693AC2 /* Project object */;
			proxyType = 1;
			remoteGlobalIDString = C47BB5E62F23F1E700693AC2;
			remoteInfo = "ValueMiner(cursorbuild)";
		};
		C47BB6012F23F1EA00693AC2 /* PBXContainerItemProxy */ = {
			isa = PBXContainerItemProxy;
			containerPortal = C47BB5DF2F23F1E700693AC2 /* Project object */;
			proxyType = 1;
			remoteGlobalIDString = C47BB5E62F23F1E700693AC2;
			remoteInfo = "ValueMiner(cursorbuild)";
		};
		C47BB6502F26876D00693AC2 /* PBXContainerItemProxy */ = {
			isa = PBXContainerItemProxy;
			containerPortal = C47BB5DF2F23F1E700693AC2 /* Project object */;
			proxyType = 1;
			remoteGlobalIDString = C47BB6472F26876B00693AC2;
			remoteInfo = ValueMinerShare;
		};
/* End PBXContainerItemProxy section */

/* Begin PBXCopyFilesBuildPhase section */
		C47BB6572F26876D00693AC2 /* Embed Foundation Extensions */ = {
			isa = PBXCopyFilesBuildPhase;
			buildActionMask = 2147483647;
			dstPath = "";
			dstSubfolderSpec = 13;
			files = (
				C47BB6522F26876D00693AC2 /* ValueMinerShare.appex in Embed Foundation Extensions */,
			);
			name = "Embed Foundation Extensions";
			runOnlyForDeploymentPostprocessing = 0;
		};
/* End PBXCopyFilesBuildPhase section */

/* Begin PBXFileReference section */
		C47BB5E72F23F1E700693AC2 /* ValueMiner(cursorbuild).app */ = {isa = PBXFileReference; explicitFileType = wrapper.application; includeInIndex = 0; path = "ValueMiner(cursorbuild).app"; sourceTree = BUILT_PRODUCTS_DIR; };
		C47BB5F62F23F1EA00693AC2 /* ValueMiner(cursorbuild)Tests.xctest */ = {isa = PBXFileReference; explicitFileType = wrapper.cfbundle; includeInIndex = 0; path = "ValueMiner(cursorbuild)Tests.xctest"; sourceTree = BUILT_PRODUCTS_DIR; };
		C47BB6002F23F1EA00693AC2 /* ValueMiner(cursorbuild)UITests.xctest */ = {isa = PBXFileReference; explicitFileType = wrapper.cfbundle; includeInIndex = 0; path = "ValueMiner(cursorbuild)UITests.xctest"; sourceTree = BUILT_PRODUCTS_DIR; };
		C47BB6482F26876B00693AC2 /* ValueMinerShare.appex */ = {isa = PBXFileReference; explicitFileType = "wrapper.app-extension"; includeInIndex = 0; path = ValueMinerShare.appex; sourceTree = BUILT_PRODUCTS_DIR; };
/* End PBXFileReference section */

/* Begin PBXFileSystemSynchronizedBuildFileExceptionSet section */
		C47BB6532F26876D00693AC2 /* Exceptions for "ValueMinerShare" folder in "ValueMinerShare" target */ = {
			isa = PBXFileSystemSynchronizedBuildFileExceptionSet;
			membershipExceptions = (
				Info.plist,
			);
			target = C47BB6472F26876B00693AC2 /* ValueMinerShare */;
		};
		C47BB6592F26878400693AC2 /* Exceptions for "ValueMiner(cursorbuild)" folder in "ValueMinerShare" target */ = {
			isa = PBXFileSystemSynchronizedBuildFileExceptionSet;
			membershipExceptions = (
				"GoogleService-Info.plist",
			);
			target = C47BB6472F26876B00693AC2 /* ValueMinerShare */;
		};
/* End PBXFileSystemSynchronizedBuildFileExceptionSet section */

/* Begin PBXFileSystemSynchronizedRootGroup section */
		C47BB5E92F23F1E700693AC2 /* ValueMiner(cursorbuild) */ = {
			isa = PBXFileSystemSynchronizedRootGroup;
			exceptions = (
				C47BB6592F26878400693AC2 /* Exceptions for "ValueMiner(cursorbuild)" folder in "ValueMinerShare" target */,
			);
			path = "ValueMiner(cursorbuild)";
			sourceTree = "<group>";
		};
		C47BB5F92F23F1EA00693AC2 /* ValueMiner(cursorbuild)Tests */ = {
			isa = PBXFileSystemSynchronizedRootGroup;
			path = "ValueMiner(cursorbuild)Tests";
			sourceTree = "<group>";
		};
		C47BB6032F23F1EA00693AC2 /* ValueMiner(cursorbuild)UITests */ = {
			isa = PBXFileSystemSynchronizedRootGroup;
			path = "ValueMiner(cursorbuild)UITests";
			sourceTree = "<group>";
		};
		C47BB6492F26876C00693AC2 /* ValueMinerShare */ = {
			isa = PBXFileSystemSynchronizedRootGroup;
			exceptions = (
				C47BB6532F26876D00693AC2 /* Exceptions for "ValueMinerShare" folder in "ValueMinerShare" target */,
			);
			path = ValueMinerShare;
			sourceTree = "<group>";
		};
/* End PBXFileSystemSynchronizedRootGroup section */

/* Begin PBXFrameworksBuildPhase section */
		C47BB5E42F23F1E700693AC2 /* Frameworks */ = {
			isa = PBXFrameworksBuildPhase;
			buildActionMask = 2147483647;
			files = (
				C406B9D12F2BBE120040C750 /* FirebaseFunctions in Frameworks */,
				C47BB62A2F257FA500693AC2 /* FirebaseAuth in Frameworks */,
				C47BB62C2F257FA500693AC2 /* FirebaseFirestore in Frameworks */,
			);
			runOnlyForDeploymentPostprocessing = 0;
		};
		C47BB5F32F23F1EA00693AC2 /* Frameworks */ = {
			isa = PBXFrameworksBuildPhase;
			buildActionMask = 2147483647;
			files = (
			);
			runOnlyForDeploymentPostprocessing = 0;
		};
		C47BB5FD2F23F1EA00693AC2 /* Frameworks */ = {
			isa = PBXFrameworksBuildPhase;
			buildActionMask = 2147483647;
			files = (
			);
			runOnlyForDeploymentPostprocessing = 0;
		};
		C47BB6452F26876B00693AC2 /* Frameworks */ = {
			isa = PBXFrameworksBuildPhase;
			buildActionMask = 2147483647;
			files = (
				C47BB65C2F2688A500693AC2 /* FirebaseCore in Frameworks */,
				C47BB65E2F2688AD00693AC2 /* FirebaseAuth in Frameworks */,
				C47BB6602F2688BC00693AC2 /* FirebaseFirestore in Frameworks */,
			);
			runOnlyForDeploymentPostprocessing = 0;
		};
/* End PBXFrameworksBuildPhase section */

/* Begin PBXGroup section */
		C47BB5DE2F23F1E700693AC2 = {
			isa = PBXGroup;
			children = (
				C47BB5E92F23F1E700693AC2 /* ValueMiner(cursorbuild) */,
				C47BB5F92F23F1EA00693AC2 /* ValueMiner(cursorbuild)Tests */,
				C47BB6032F23F1EA00693AC2 /* ValueMiner(cursorbuild)UITests */,
				C47BB6492F26876C00693AC2 /* ValueMinerShare */,
				C47BB65A2F2688A500693AC2 /* Frameworks */,
				C47BB5E82F23F1E700693AC2 /* Products */,
			);
			sourceTree = "<group>";
		};
		C47BB5E82F23F1E700693AC2 /* Products */ = {
			isa = PBXGroup;
			children = (
				C47BB5E72F23F1E700693AC2 /* ValueMiner(cursorbuild).app */,
				C47BB5F62F23F1EA00693AC2 /* ValueMiner(cursorbuild)Tests.xctest */,
				C47BB6002F23F1EA00693AC2 /* ValueMiner(cursorbuild)UITests.xctest */,
				C47BB6482F26876B00693AC2 /* ValueMinerShare.appex */,
			);
			name = Products;
			sourceTree = "<group>";
		};
		C47BB65A2F2688A500693AC2 /* Frameworks */ = {
			isa = PBXGroup;
			children = (
			);
			name = Frameworks;
			sourceTree = "<group>";
		};
/* End PBXGroup section */

/* Begin PBXNativeTarget section */
		C47BB5E62F23F1E700693AC2 /* ValueMiner(cursorbuild) */ = {
			isa = PBXNativeTarget;
			buildConfigurationList = C47BB60A2F23F1EA00693AC2 /* Build configuration list for PBXNativeTarget "ValueMiner(cursorbuild)" */;
			buildPhases = (
				C47BB5E32F23F1E700693AC2 /* Sources */,
				C47BB5E42F23F1E700693AC2 /* Frameworks */,
				C47BB5E52F23F1E700693AC2 /* Resources */,
				C47BB6572F26876D00693AC2 /* Embed Foundation Extensions */,
			);
			buildRules = (
			);
			dependencies = (
				C47BB6512F26876D00693AC2 /* PBXTargetDependency */,
			);
			fileSystemSynchronizedGroups = (
				C47BB5E92F23F1E700693AC2 /* ValueMiner(cursorbuild) */,
			);
			name = "ValueMiner(cursorbuild)";
			packageProductDependencies = (
				C47BB6292F257FA500693AC2 /* FirebaseAuth */,
				C47BB62B2F257FA500693AC2 /* FirebaseFirestore */,
				C406B9D02F2BBE120040C750 /* FirebaseFunctions */,
			);
			productName = "ValueMiner(cursorbuild)";
			productReference = C47BB5E72F23F1E700693AC2 /* ValueMiner(cursorbuild).app */;
			productType = "com.apple.product-type.application";
		};
		C47BB5F52F23F1EA00693AC2 /* ValueMiner(cursorbuild)Tests */ = {
			isa = PBXNativeTarget;
			buildConfigurationList = C47BB60D2F23F1EA00693AC2 /* Build configuration list for PBXNativeTarget "ValueMiner(cursorbuild)Tests" */;
			buildPhases = (
				C47BB5F22F23F1EA00693AC2 /* Sources */,
				C47BB5F32F23F1EA00693AC2 /* Frameworks */,
				C47BB5F42F23F1EA00693AC2 /* Resources */,
			);
			buildRules = (
			);
			dependencies = (
				C47BB5F82F23F1EA00693AC2 /* PBXTargetDependency */,
			);
			fileSystemSynchronizedGroups = (
				C47BB5F92F23F1EA00693AC2 /* ValueMiner(cursorbuild)Tests */,
			);
			name = "ValueMiner(cursorbuild)Tests";
			packageProductDependencies = (
			);
			productName = "ValueMiner(cursorbuild)Tests";
			productReference = C47BB5F62F23F1EA00693AC2 /* ValueMiner(cursorbuild)Tests.xctest */;
			productType = "com.apple.product-type.bundle.unit-test";
		};
		C47BB5FF2F23F1EA00693AC2 /* ValueMiner(cursorbuild)UITests */ = {
			isa = PBXNativeTarget;
			buildConfigurationList = C47BB6102F23F1EA00693AC2 /* Build configuration list for PBXNativeTarget "ValueMiner(cursorbuild)UITests" */;
			buildPhases = (
				C47BB5FC2F23F1EA00693AC2 /* Sources */,
				C47BB5FD2F23F1EA00693AC2 /* Frameworks */,
				C47BB5FE2F23F1EA00693AC2 /* Resources */,
			);
			buildRules = (
			);
			dependencies = (
				C47BB6022F23F1EA00693AC2 /* PBXTargetDependency */,
			);
			fileSystemSynchronizedGroups = (
				C47BB6032F23F1EA00693AC2 /* ValueMiner(cursorbuild)UITests */,
			);
			name = "ValueMiner(cursorbuild)UITests";
			packageProductDependencies = (
			);
			productName = "ValueMiner(cursorbuild)UITests";
			productReference = C47BB6002F23F1EA00693AC2 /* ValueMiner(cursorbuild)UITests.xctest */;
			productType = "com.apple.product-type.bundle.ui-testing";
		};
		C47BB6472F26876B00693AC2 /* ValueMinerShare */ = {
			isa = PBXNativeTarget;
			buildConfigurationList = C47BB6542F26876D00693AC2 /* Build configuration list for PBXNativeTarget "ValueMinerShare" */;
			buildPhases = (
				C47BB6442F26876B00693AC2 /* Sources */,
				C47BB6452F26876B00693AC2 /* Frameworks */,
				C47BB6462F26876B00693AC2 /* Resources */,
			);
			buildRules = (
			);
			dependencies = (
			);
			fileSystemSynchronizedGroups = (
				C47BB6492F26876C00693AC2 /* ValueMinerShare */,
			);
			name = ValueMinerShare;
			packageProductDependencies = (
				C47BB65B2F2688A500693AC2 /* FirebaseCore */,
				C47BB65D2F2688AD00693AC2 /* FirebaseAuth */,
				C47BB65F2F2688BC00693AC2 /* FirebaseFirestore */,
			);
			productName = ValueMinerShare;
			productReference = C47BB6482F26876B00693AC2 /* ValueMinerShare.appex */;
			productType = "com.apple.product-type.app-extension";
		};
/* End PBXNativeTarget section */

/* Begin PBXProject section */
		C47BB5DF2F23F1E700693AC2 /* Project object */ = {
			isa = PBXProject;
			attributes = {
				BuildIndependentTargetsInParallel = 1;
				LastSwiftUpdateCheck = 2610;
				LastUpgradeCheck = 2610;
				TargetAttributes = {
					C47BB5E62F23F1E700693AC2 = {
						CreatedOnToolsVersion = 26.1.1;
					};
					C47BB5F52F23F1EA00693AC2 = {
						CreatedOnToolsVersion = 26.1.1;
						TestTargetID = C47BB5E62F23F1E700693AC2;
					};
					C47BB5FF2F23F1EA00693AC2 = {
						CreatedOnToolsVersion = 26.1.1;
						TestTargetID = C47BB5E62F23F1E700693AC2;
					};
					C47BB6472F26876B00693AC2 = {
						CreatedOnToolsVersion = 26.1.1;
					};
				};
			};
			buildConfigurationList = C47BB5E22F23F1E700693AC2 /* Build configuration list for PBXProject "ValueMiner(cursorbuild)" */;
			developmentRegion = en;
			hasScannedForEncodings = 0;
			knownRegions = (
				en,
				Base,
			);
			mainGroup = C47BB5DE2F23F1E700693AC2;
			minimizedProjectReferenceProxies = 1;
			packageReferences = (
				C47BB6282F257FA500693AC2 /* XCRemoteSwiftPackageReference "firebase-ios-sdk" */,
			);
			preferredProjectObjectVersion = 77;
			productRefGroup = C47BB5E82F23F1E700693AC2 /* Products */;
			projectDirPath = "";
			projectRoot = "";
			targets = (
				C47BB5E62F23F1E700693AC2 /* ValueMiner(cursorbuild) */,
				C47BB5F52F23F1EA00693AC2 /* ValueMiner(cursorbuild)Tests */,
				C47BB5FF2F23F1EA00693AC2 /* ValueMiner(cursorbuild)UITests */,
				C47BB6472F26876B00693AC2 /* ValueMinerShare */,
			);
		};
/* End PBXProject section */

/* Begin PBXResourcesBuildPhase section */
		C47BB5E52F23F1E700693AC2 /* Resources */ = {
			isa = PBXResourcesBuildPhase;
			buildActionMask = 2147483647;
			files = (
			);
			runOnlyForDeploymentPostprocessing = 0;
		};
		C47BB5F42F23F1EA00693AC2 /* Resources */ = {
			isa = PBXResourcesBuildPhase;
			buildActionMask = 2147483647;
			files = (
			);
			runOnlyForDeploymentPostprocessing = 0;
		};
		C47BB5FE2F23F1EA00693AC2 /* Resources */ = {
			isa = PBXResourcesBuildPhase;
			buildActionMask = 2147483647;
			files = (
			);
			runOnlyForDeploymentPostprocessing = 0;
		};
		C47BB6462F26876B00693AC2 /* Resources */ = {
			isa = PBXResourcesBuildPhase;
			buildActionMask = 2147483647;
			files = (
			);
			runOnlyForDeploymentPostprocessing = 0;
		};
/* End PBXResourcesBuildPhase section */

/* Begin PBXSourcesBuildPhase section */
		C47BB5E32F23F1E700693AC2 /* Sources */ = {
			isa = PBXSourcesBuildPhase;
			buildActionMask = 2147483647;
			files = (
			);
			runOnlyForDeploymentPostprocessing = 0;
		};
		C47BB5F22F23F1EA00693AC2 /* Sources */ = {
			isa = PBXSourcesBuildPhase;
			buildActionMask = 2147483647;
			files = (
			);
			runOnlyForDeploymentPostprocessing = 0;
		};
		C47BB5FC2F23F1EA00693AC2 /* Sources */ = {
			isa = PBXSourcesBuildPhase;
			buildActionMask = 2147483647;
			files = (
			);
			runOnlyForDeploymentPostprocessing = 0;
		};
		C47BB6442F26876B00693AC2 /* Sources */ = {
			isa = PBXSourcesBuildPhase;
			buildActionMask = 2147483647;
			files = (
			);
			runOnlyForDeploymentPostprocessing = 0;
		};
/* End PBXSourcesBuildPhase section */

/* Begin PBXTargetDependency section */
		C47BB5F82F23F1EA00693AC2 /* PBXTargetDependency */ = {
			isa = PBXTargetDependency;
			target = C47BB5E62F23F1E700693AC2 /* ValueMiner(cursorbuild) */;
			targetProxy = C47BB5F72F23F1EA00693AC2 /* PBXContainerItemProxy */;
		};
		C47BB6022F23F1EA00693AC2 /* PBXTargetDependency */ = {
			isa = PBXTargetDependency;
			target = C47BB5E62F23F1E700693AC2 /* ValueMiner(cursorbuild) */;
			targetProxy = C47BB6012F23F1EA00693AC2 /* PBXContainerItemProxy */;
		};
		C47BB6512F26876D00693AC2 /* PBXTargetDependency */ = {
			isa = PBXTargetDependency;
			target = C47BB6472F26876B00693AC2 /* ValueMinerShare */;
			targetProxy = C47BB6502F26876D00693AC2 /* PBXContainerItemProxy */;
		};
/* End PBXTargetDependency section */

/* Begin XCBuildConfiguration section */
		C47BB6082F23F1EA00693AC2 /* Debug */ = {
			isa = XCBuildConfiguration;
			buildSettings = {
				ALWAYS_SEARCH_USER_PATHS = NO;
				ASSETCATALOG_COMPILER_GENERATE_SWIFT_ASSET_SYMBOL_EXTENSIONS = YES;
				CLANG_ANALYZER_NONNULL = YES;
				CLANG_ANALYZER_NUMBER_OBJECT_CONVERSION = YES_AGGRESSIVE;
				CLANG_CXX_LANGUAGE_STANDARD = "gnu++20";
				CLANG_ENABLE_MODULES = YES;
				CLANG_ENABLE_OBJC_ARC = YES;
				CLANG_ENABLE_OBJC_WEAK = YES;
				CLANG_WARN_BLOCK_CAPTURE_AUTORELEASING = YES;
				CLANG_WARN_BOOL_CONVERSION = YES;
				CLANG_WARN_COMMA = YES;
				CLANG_WARN_CONSTANT_CONVERSION = YES;
				CLANG_WARN_DEPRECATED_OBJC_IMPLEMENTATIONS = YES;
				CLANG_WARN_DIRECT_OBJC_ISA_USAGE = YES_ERROR;
				CLANG_WARN_DOCUMENTATION_COMMENTS = YES;
				CLANG_WARN_EMPTY_BODY = YES;
				CLANG_WARN_ENUM_CONVERSION = YES;
				CLANG_WARN_INFINITE_RECURSION = YES;
				CLANG_WARN_INT_CONVERSION = YES;
				CLANG_WARN_NON_LITERAL_NULL_CONVERSION = YES;
				CLANG_WARN_OBJC_IMPLICIT_RETAIN_SELF = YES;
				CLANG_WARN_OBJC_LITERAL_CONVERSION = YES;
				CLANG_WARN_OBJC_ROOT_CLASS = YES_ERROR;
				CLANG_WARN_QUOTED_INCLUDE_IN_FRAMEWORK_HEADER = YES;
				CLANG_WARN_RANGE_LOOP_ANALYSIS = YES;
				CLANG_WARN_STRICT_PROTOTYPES = YES;
				CLANG_WARN_SUSPICIOUS_MOVE = YES;
				CLANG_WARN_UNGUARDED_AVAILABILITY = YES_AGGRESSIVE;
				CLANG_WARN_UNREACHABLE_CODE = YES;
				CLANG_WARN__DUPLICATE_METHOD_MATCH = YES;
				COPY_PHASE_STRIP = NO;
				DEBUG_INFORMATION_FORMAT = dwarf;
				DEVELOPMENT_TEAM = 9Q6S64UNWA;
				ENABLE_STRICT_OBJC_MSGSEND = YES;
				ENABLE_TESTABILITY = YES;
				ENABLE_USER_SCRIPT_SANDBOXING = YES;
				GCC_C_LANGUAGE_STANDARD = gnu17;
				GCC_DYNAMIC_NO_PIC = NO;
				GCC_NO_COMMON_BLOCKS = YES;
				GCC_OPTIMIZATION_LEVEL = 0;
				GCC_PREPROCESSOR_DEFINITIONS = (
					"DEBUG=1",
					"$(inherited)",
				);
				GCC_WARN_64_TO_32_BIT_CONVERSION = YES;
				GCC_WARN_ABOUT_RETURN_TYPE = YES_ERROR;
				GCC_WARN_UNDECLARED_SELECTOR = YES;
				GCC_WARN_UNINITIALIZED_AUTOS = YES_AGGRESSIVE;
				GCC_WARN_UNUSED_FUNCTION = YES;
				GCC_WARN_UNUSED_VARIABLE = YES;
				IPHONEOS_DEPLOYMENT_TARGET = 26.1;
				LOCALIZATION_PREFERS_STRING_CATALOGS = YES;
				MTL_ENABLE_DEBUG_INFO = INCLUDE_SOURCE;
				MTL_FAST_MATH = YES;
				ONLY_ACTIVE_ARCH = YES;
				SDKROOT = iphoneos;
				SWIFT_ACTIVE_COMPILATION_CONDITIONS = "DEBUG $(inherited)";
				SWIFT_OPTIMIZATION_LEVEL = "-Onone";
			};
			name = Debug;
		};
		C47BB6092F23F1EA00693AC2 /* Release */ = {
			isa = XCBuildConfiguration;
			buildSettings = {
				ALWAYS_SEARCH_USER_PATHS = NO;
				ASSETCATALOG_COMPILER_GENERATE_SWIFT_ASSET_SYMBOL_EXTENSIONS = YES;
				CLANG_ANALYZER_NONNULL = YES;
				CLANG_ANALYZER_NUMBER_OBJECT_CONVERSION = YES_AGGRESSIVE;
				CLANG_CXX_LANGUAGE_STANDARD = "gnu++20";
				CLANG_ENABLE_MODULES = YES;
				CLANG_ENABLE_OBJC_ARC = YES;
				CLANG_ENABLE_OBJC_WEAK = YES;
				CLANG_WARN_BLOCK_CAPTURE_AUTORELEASING = YES;
				CLANG_WARN_BOOL_CONVERSION = YES;
				CLANG_WARN_COMMA = YES;
				CLANG_WARN_CONSTANT_CONVERSION = YES;
				CLANG_WARN_DEPRECATED_OBJC_IMPLEMENTATIONS = YES;
				CLANG_WARN_DIRECT_OBJC_ISA_USAGE = YES_ERROR;
				CLANG_WARN_DOCUMENTATION_COMMENTS = YES;
				CLANG_WARN_EMPTY_BODY = YES;
				CLANG_WARN_ENUM_CONVERSION = YES;
				CLANG_WARN_INFINITE_RECURSION = YES;
				CLANG_WARN_INT_CONVERSION = YES;
				CLANG_WARN_NON_LITERAL_NULL_CONVERSION = YES;
				CLANG_WARN_OBJC_IMPLICIT_RETAIN_SELF = YES;
				CLANG_WARN_OBJC_LITERAL_CONVERSION = YES;
				CLANG_WARN_OBJC_ROOT_CLASS = YES_ERROR;
				CLANG_WARN_QUOTED_INCLUDE_IN_FRAMEWORK_HEADER = YES;
				CLANG_WARN_RANGE_LOOP_ANALYSIS = YES;
				CLANG_WARN_STRICT_PROTOTYPES = YES;
				CLANG_WARN_SUSPICIOUS_MOVE = YES;
				CLANG_WARN_UNGUARDED_AVAILABILITY = YES_AGGRESSIVE;
				CLANG_WARN_UNREACHABLE_CODE = YES;
				CLANG_WARN__DUPLICATE_METHOD_MATCH = YES;
				COPY_PHASE_STRIP = NO;
				DEBUG_INFORMATION_FORMAT = "dwarf-with-dsym";
				DEVELOPMENT_TEAM = 9Q6S64UNWA;
				ENABLE_NS_ASSERTIONS = NO;
				ENABLE_STRICT_OBJC_MSGSEND = YES;
				ENABLE_USER_SCRIPT_SANDBOXING = YES;
				GCC_C_LANGUAGE_STANDARD = gnu17;
				GCC_NO_COMMON_BLOCKS = YES;
				GCC_WARN_64_TO_32_BIT_CONVERSION = YES;
				GCC_WARN_ABOUT_RETURN_TYPE = YES_ERROR;
				GCC_WARN_UNDECLARED_SELECTOR = YES;
				GCC_WARN_UNINITIALIZED_AUTOS = YES_AGGRESSIVE;
				GCC_WARN_UNUSED_FUNCTION = YES;
				GCC_WARN_UNUSED_VARIABLE = YES;
				IPHONEOS_DEPLOYMENT_TARGET = 26.1;
				LOCALIZATION_PREFERS_STRING_CATALOGS = YES;
				MTL_ENABLE_DEBUG_INFO = NO;
				MTL_FAST_MATH = YES;
				SDKROOT = iphoneos;
				SWIFT_COMPILATION_MODE = wholemodule;
				VALIDATE_PRODUCT = YES;
			};
			name = Release;
		};
		C47BB60B2F23F1EA00693AC2 /* Debug */ = {
			isa = XCBuildConfiguration;
			buildSettings = {
				ASSETCATALOG_COMPILER_APPICON_NAME = AppIcon;
				ASSETCATALOG_COMPILER_GLOBAL_ACCENT_COLOR_NAME = AccentColor;
				CODE_SIGN_ENTITLEMENTS = "ValueMiner(cursorbuild)/ValueMiner(cursorbuild).entitlements";
				CODE_SIGN_STYLE = Automatic;
				CURRENT_PROJECT_VERSION = 1;
				DEVELOPMENT_TEAM = 9Q6S64UNWA;
				ENABLE_PREVIEWS = YES;
				GENERATE_INFOPLIST_FILE = YES;
				INFOPLIST_FILE = "ValueMiner-cursorbuild--Info.plist";
				INFOPLIST_KEY_UIApplicationSceneManifest_Generation = YES;
				INFOPLIST_KEY_UIApplicationSupportsIndirectInputEvents = YES;
				INFOPLIST_KEY_UILaunchScreen_Generation = YES;
				INFOPLIST_KEY_UISupportedInterfaceOrientations_iPad = "UIInterfaceOrientationPortrait UIInterfaceOrientationPortraitUpsideDown UIInterfaceOrientationLandscapeLeft UIInterfaceOrientationLandscapeRight";
				INFOPLIST_KEY_UISupportedInterfaceOrientations_iPhone = "UIInterfaceOrientationPortrait UIInterfaceOrientationLandscapeLeft UIInterfaceOrientationLandscapeRight";
				LD_RUNPATH_SEARCH_PATHS = (
					"$(inherited)",
					"@executable_path/Frameworks",
				);
				MARKETING_VERSION = 1.0;
				PRODUCT_BUNDLE_IDENTIFIER = "valueminer.ValueMiner-cursorbuild-";
				PRODUCT_NAME = ValueMiner;
				STRING_CATALOG_GENERATE_SYMBOLS = YES;
				SWIFT_APPROACHABLE_CONCURRENCY = YES;
				SWIFT_DEFAULT_ACTOR_ISOLATION = MainActor;
				SWIFT_EMIT_LOC_STRINGS = YES;
				SWIFT_UPCOMING_FEATURE_MEMBER_IMPORT_VISIBILITY = YES;
				SWIFT_VERSION = 5.0;
				TARGETED_DEVICE_FAMILY = "1,2";
			};
			name = Debug;
		};
		C47BB60C2F23F1EA00693AC2 /* Release */ = {
			isa = XCBuildConfiguration;
			buildSettings = {
				ASSETCATALOG_COMPILER_APPICON_NAME = AppIcon;
				ASSETCATALOG_COMPILER_GLOBAL_ACCENT_COLOR_NAME = AccentColor;
				CODE_SIGN_ENTITLEMENTS = "ValueMiner(cursorbuild)/ValueMiner(cursorbuild).entitlements";
				CODE_SIGN_STYLE = Automatic;
				CURRENT_PROJECT_VERSION = 1;
				DEVELOPMENT_TEAM = 9Q6S64UNWA;
				ENABLE_PREVIEWS = YES;
				GENERATE_INFOPLIST_FILE = YES;
				INFOPLIST_FILE = "ValueMiner-cursorbuild--Info.plist";
				INFOPLIST_KEY_UIApplicationSceneManifest_Generation = YES;
				INFOPLIST_KEY_UIApplicationSupportsIndirectInputEvents = YES;
				INFOPLIST_KEY_UILaunchScreen_Generation = YES;
				INFOPLIST_KEY_UISupportedInterfaceOrientations_iPad = "UIInterfaceOrientationPortrait UIInterfaceOrientationPortraitUpsideDown UIInterfaceOrientationLandscapeLeft UIInterfaceOrientationLandscapeRight";
				INFOPLIST_KEY_UISupportedInterfaceOrientations_iPhone = "UIInterfaceOrientationPortrait UIInterfaceOrientationLandscapeLeft UIInterfaceOrientationLandscapeRight";
				LD_RUNPATH_SEARCH_PATHS = (
					"$(inherited)",
					"@executable_path/Frameworks",
				);
				MARKETING_VERSION = 1.0;
				PRODUCT_BUNDLE_IDENTIFIER = "valueminer.ValueMiner-cursorbuild-";
				PRODUCT_NAME = ValueMiner;
				STRING_CATALOG_GENERATE_SYMBOLS = YES;
				SWIFT_APPROACHABLE_CONCURRENCY = YES;
				SWIFT_DEFAULT_ACTOR_ISOLATION = MainActor;
				SWIFT_EMIT_LOC_STRINGS = YES;
				SWIFT_UPCOMING_FEATURE_MEMBER_IMPORT_VISIBILITY = YES;
				SWIFT_VERSION = 5.0;
				TARGETED_DEVICE_FAMILY = "1,2";
			};
			name = Release;
		};
		C47BB60E2F23F1EA00693AC2 /* Debug */ = {
			isa = XCBuildConfiguration;
			buildSettings = {
				BUNDLE_LOADER = "$(TEST_HOST)";
				CODE_SIGN_STYLE = Automatic;
				CURRENT_PROJECT_VERSION = 1;
				DEVELOPMENT_TEAM = 9Q6S64UNWA;
				GENERATE_INFOPLIST_FILE = YES;
				IPHONEOS_DEPLOYMENT_TARGET = 26.1;
				MARKETING_VERSION = 1.0;
				PRODUCT_BUNDLE_IDENTIFIER = "valueminer.ValueMiner-cursorbuild-Tests";
				PRODUCT_NAME = "$(TARGET_NAME)";
				STRING_CATALOG_GENERATE_SYMBOLS = NO;
				SWIFT_APPROACHABLE_CONCURRENCY = YES;
				SWIFT_EMIT_LOC_STRINGS = NO;
				SWIFT_UPCOMING_FEATURE_MEMBER_IMPORT_VISIBILITY = YES;
				SWIFT_VERSION = 5.0;
				TARGETED_DEVICE_FAMILY = "1,2";
				TEST_HOST = "$(BUILT_PRODUCTS_DIR)/ValueMiner(cursorbuild).app/$(BUNDLE_EXECUTABLE_FOLDER_PATH)/ValueMiner";
			};
			name = Debug;
		};
		C47BB60F2F23F1EA00693AC2 /* Release */ = {
			isa = XCBuildConfiguration;
			buildSettings = {
				BUNDLE_LOADER = "$(TEST_HOST)";
				CODE_SIGN_STYLE = Automatic;
				CURRENT_PROJECT_VERSION = 1;
				DEVELOPMENT_TEAM = 9Q6S64UNWA;
				GENERATE_INFOPLIST_FILE = YES;
				IPHONEOS_DEPLOYMENT_TARGET = 26.1;
				MARKETING_VERSION = 1.0;
				PRODUCT_BUNDLE_IDENTIFIER = "valueminer.ValueMiner-cursorbuild-Tests";
				PRODUCT_NAME = "$(TARGET_NAME)";
				STRING_CATALOG_GENERATE_SYMBOLS = NO;
				SWIFT_APPROACHABLE_CONCURRENCY = YES;
				SWIFT_EMIT_LOC_STRINGS = NO;
				SWIFT_UPCOMING_FEATURE_MEMBER_IMPORT_VISIBILITY = YES;
				SWIFT_VERSION = 5.0;
				TARGETED_DEVICE_FAMILY = "1,2";
				TEST_HOST = "$(BUILT_PRODUCTS_DIR)/ValueMiner(cursorbuild).app/$(BUNDLE_EXECUTABLE_FOLDER_PATH)/ValueMiner";
			};
			name = Release;
		};
		C47BB6112F23F1EA00693AC2 /* Debug */ = {
			isa = XCBuildConfiguration;
			buildSettings = {
				CODE_SIGN_STYLE = Automatic;
				CURRENT_PROJECT_VERSION = 1;
				DEVELOPMENT_TEAM = 9Q6S64UNWA;
				GENERATE_INFOPLIST_FILE = YES;
				MARKETING_VERSION = 1.0;
				PRODUCT_BUNDLE_IDENTIFIER = "valueminer.ValueMiner-cursorbuild-UITests";
				PRODUCT_NAME = "$(TARGET_NAME)";
				STRING_CATALOG_GENERATE_SYMBOLS = NO;
				SWIFT_APPROACHABLE_CONCURRENCY = YES;
				SWIFT_EMIT_LOC_STRINGS = NO;
				SWIFT_UPCOMING_FEATURE_MEMBER_IMPORT_VISIBILITY = YES;
				SWIFT_VERSION = 5.0;
				TARGETED_DEVICE_FAMILY = "1,2";
				TEST_TARGET_NAME = "ValueMiner(cursorbuild)";
			};
			name = Debug;
		};
		C47BB6122F23F1EA00693AC2 /* Release */ = {
			isa = XCBuildConfiguration;
			buildSettings = {
				CODE_SIGN_STYLE = Automatic;
				CURRENT_PROJECT_VERSION = 1;
				DEVELOPMENT_TEAM = 9Q6S64UNWA;
				GENERATE_INFOPLIST_FILE = YES;
				MARKETING_VERSION = 1.0;
				PRODUCT_BUNDLE_IDENTIFIER = "valueminer.ValueMiner-cursorbuild-UITests";
				PRODUCT_NAME = "$(TARGET_NAME)";
				STRING_CATALOG_GENERATE_SYMBOLS = NO;
				SWIFT_APPROACHABLE_CONCURRENCY = YES;
				SWIFT_EMIT_LOC_STRINGS = NO;
				SWIFT_UPCOMING_FEATURE_MEMBER_IMPORT_VISIBILITY = YES;
				SWIFT_VERSION = 5.0;
				TARGETED_DEVICE_FAMILY = "1,2";
				TEST_TARGET_NAME = "ValueMiner(cursorbuild)";
			};
			name = Release;
		};
		C47BB6552F26876D00693AC2 /* Debug */ = {
			isa = XCBuildConfiguration;
			buildSettings = {
				CODE_SIGN_ENTITLEMENTS = ValueMinerShare/ValueMinerShare.entitlements;
				CODE_SIGN_STYLE = Automatic;
				CURRENT_PROJECT_VERSION = 1;
				DEVELOPMENT_TEAM = 9Q6S64UNWA;
				GENERATE_INFOPLIST_FILE = YES;
				INFOPLIST_FILE = ValueMinerShare/Info.plist;
				INFOPLIST_KEY_CFBundleDisplayName = ValueMinerShare;
				INFOPLIST_KEY_NSHumanReadableCopyright = "";
				LD_RUNPATH_SEARCH_PATHS = (
					"$(inherited)",
					"@executable_path/Frameworks",
					"@executable_path/../../Frameworks",
				);
				MARKETING_VERSION = 1.0;
				PRODUCT_BUNDLE_IDENTIFIER = "valueminer.ValueMiner-cursorbuild-.ValueMinerShare";
				PRODUCT_NAME = "$(TARGET_NAME)";
				SKIP_INSTALL = YES;
				STRING_CATALOG_GENERATE_SYMBOLS = YES;
				SWIFT_APPROACHABLE_CONCURRENCY = YES;
				SWIFT_EMIT_LOC_STRINGS = YES;
				SWIFT_UPCOMING_FEATURE_MEMBER_IMPORT_VISIBILITY = YES;
				SWIFT_VERSION = 5.0;
				TARGETED_DEVICE_FAMILY = "1,2";
			};
			name = Debug;
		};
		C47BB6562F26876D00693AC2 /* Release */ = {
			isa = XCBuildConfiguration;
			buildSettings = {
				CODE_SIGN_ENTITLEMENTS = ValueMinerShare/ValueMinerShare.entitlements;
				CODE_SIGN_STYLE = Automatic;
				CURRENT_PROJECT_VERSION = 1;
				DEVELOPMENT_TEAM = 9Q6S64UNWA;
				GENERATE_INFOPLIST_FILE = YES;
				INFOPLIST_FILE = ValueMinerShare/Info.plist;
				INFOPLIST_KEY_CFBundleDisplayName = ValueMinerShare;
				INFOPLIST_KEY_NSHumanReadableCopyright = "";
				LD_RUNPATH_SEARCH_PATHS = (
					"$(inherited)",
					"@executable_path/Frameworks",
					"@executable_path/../../Frameworks",
				);
				MARKETING_VERSION = 1.0;
				PRODUCT_BUNDLE_IDENTIFIER = "valueminer.ValueMiner-cursorbuild-.ValueMinerShare";
				PRODUCT_NAME = "$(TARGET_NAME)";
				SKIP_INSTALL = YES;
				STRING_CATALOG_GENERATE_SYMBOLS = YES;
				SWIFT_APPROACHABLE_CONCURRENCY = YES;
				SWIFT_EMIT_LOC_STRINGS = YES;
				SWIFT_UPCOMING_FEATURE_MEMBER_IMPORT_VISIBILITY = YES;
				SWIFT_VERSION = 5.0;
				TARGETED_DEVICE_FAMILY = "1,2";
			};
			name = Release;
		};
/* End XCBuildConfiguration section */

/* Begin XCConfigurationList section */
		C47BB5E22F23F1E700693AC2 /* Build configuration list for PBXProject "ValueMiner(cursorbuild)" */ = {
			isa = XCConfigurationList;
			buildConfigurations = (
				C47BB6082F23F1EA00693AC2 /* Debug */,
				C47BB6092F23F1EA00693AC2 /* Release */,
			);
			defaultConfigurationIsVisible = 0;
			defaultConfigurationName = Release;
		};
		C47BB60A2F23F1EA00693AC2 /* Build configuration list for PBXNativeTarget "ValueMiner(cursorbuild)" */ = {
			isa = XCConfigurationList;
			buildConfigurations = (
				C47BB60B2F23F1EA00693AC2 /* Debug */,
				C47BB60C2F23F1EA00693AC2 /* Release */,
			);
			defaultConfigurationIsVisible = 0;
			defaultConfigurationName = Release;
		};
		C47BB60D2F23F1EA00693AC2 /* Build configuration list for PBXNativeTarget "ValueMiner(cursorbuild)Tests" */ = {
			isa = XCConfigurationList;
			buildConfigurations = (
				C47BB60E2F23F1EA00693AC2 /* Debug */,
				C47BB60F2F23F1EA00693AC2 /* Release */,
			);
			defaultConfigurationIsVisible = 0;
			defaultConfigurationName = Release;
		};
		C47BB6102F23F1EA00693AC2 /* Build configuration list for PBXNativeTarget "ValueMiner(cursorbuild)UITests" */ = {
			isa = XCConfigurationList;
			buildConfigurations = (
				C47BB6112F23F1EA00693AC2 /* Debug */,
				C47BB6122F23F1EA00693AC2 /* Release */,
			);
			defaultConfigurationIsVisible = 0;
			defaultConfigurationName = Release;
		};
		C47BB6542F26876D00693AC2 /* Build configuration list for PBXNativeTarget "ValueMinerShare" */ = {
			isa = XCConfigurationList;
			buildConfigurations = (
				C47BB6552F26876D00693AC2 /* Debug */,
				C47BB6562F26876D00693AC2 /* Release */,
			);
			defaultConfigurationIsVisible = 0;
			defaultConfigurationName = Release;
		};
/* End XCConfigurationList section */

/* Begin XCRemoteSwiftPackageReference section */
		C47BB6282F257FA500693AC2 /* XCRemoteSwiftPackageReference "firebase-ios-sdk" */ = {
			isa = XCRemoteSwiftPackageReference;
			repositoryURL = "https://github.com/firebase/firebase-ios-sdk";
			requirement = {
				kind = upToNextMajorVersion;
				minimumVersion = 12.8.0;
			};
		};
/* End XCRemoteSwiftPackageReference section */

/* Begin XCSwiftPackageProductDependency section */
		C406B9D02F2BBE120040C750 /* FirebaseFunctions */ = {
			isa = XCSwiftPackageProductDependency;
			package = C47BB6282F257FA500693AC2 /* XCRemoteSwiftPackageReference "firebase-ios-sdk" */;
			productName = FirebaseFunctions;
		};
		C47BB6292F257FA500693AC2 /* FirebaseAuth */ = {
			isa = XCSwiftPackageProductDependency;
			package = C47BB6282F257FA500693AC2 /* XCRemoteSwiftPackageReference "firebase-ios-sdk" */;
			productName = FirebaseAuth;
		};
		C47BB62B2F257FA500693AC2 /* FirebaseFirestore */ = {
			isa = XCSwiftPackageProductDependency;
			package = C47BB6282F257FA500693AC2 /* XCRemoteSwiftPackageReference "firebase-ios-sdk" */;
			productName = FirebaseFirestore;
		};
		C47BB65B2F2688A500693AC2 /* FirebaseCore */ = {
			isa = XCSwiftPackageProductDependency;
			package = C47BB6282F257FA500693AC2 /* XCRemoteSwiftPackageReference "firebase-ios-sdk" */;
			productName = FirebaseCore;
		};
		C47BB65D2F2688AD00693AC2 /* FirebaseAuth */ = {
			isa = XCSwiftPackageProductDependency;
			package = C47BB6282F257FA500693AC2 /* XCRemoteSwiftPackageReference "firebase-ios-sdk" */;
			productName = FirebaseAuth;
		};
		C47BB65F2F2688BC00693AC2 /* FirebaseFirestore */ = {
			isa = XCSwiftPackageProductDependency;
			package = C47BB6282F257FA500693AC2 /* XCRemoteSwiftPackageReference "firebase-ios-sdk" */;
			productName = FirebaseFirestore;
		};
/* End XCSwiftPackageProductDependency section */
	};
	rootObject = C47BB5DF2F23F1E700693AC2 /* Project object */;
}
